// !$*UTF8*$!
{
	archiveVersion = 1;
	classes = {
	};
	objectVersion = 56;
	objects = {

/* Begin PBXBuildFile section */
		079CED4F2D0E10B400CFCCED /* DS.swift in Sources */ = {isa = PBXBuildFile; fileRef = 079CED4E2D0E10B400CFCCED /* DS.swift */; };
		07D075BD2D0CAB7500057524 /* ViewExtensions.swift in Sources */ = {isa = PBXBuildFile; fileRef = 07D075BC2D0CAB7500057524 /* ViewExtensions.swift */; };
		45481A322C871CDD00EEB467 /* AssetsResponse.swift in Sources */ = {isa = PBXBuildFile; fileRef = 45481A312C871CDD00EEB467 /* AssetsResponse.swift */; };
		45BC68CF2C77A59800148A5E /* AssetsLiveCodingApp.swift in Sources */ = {isa = PBXBuildFile; fileRef = 45BC68CE2C77A59800148A5E /* AssetsLiveCodingApp.swift */; };
		45BC68D12C77A59800148A5E /* AssetsListView.swift in Sources */ = {isa = PBXBuildFile; fileRef = 45BC68D02C77A59800148A5E /* AssetsListView.swift */; };
		45BC68D32C77A59A00148A5E /* Assets.xcassets in Resources */ = {isa = PBXBuildFile; fileRef = 45BC68D22C77A59A00148A5E /* Assets.xcassets */; };
		45BC68D62C77A59A00148A5E /* Preview Assets.xcassets in Resources */ = {isa = PBXBuildFile; fileRef = 45BC68D52C77A59A00148A5E /* Preview Assets.xcassets */; };
		45BC68E02C77A59B00148A5E /* AssetsLiveCodingTests.swift in Sources */ = {isa = PBXBuildFile; fileRef = 45BC68DF2C77A59B00148A5E /* AssetsLiveCodingTests.swift */; };
		45BC68EA2C77A59B00148A5E /* AssetsLiveCodingUITests.swift in Sources */ = {isa = PBXBuildFile; fileRef = 45BC68E92C77A59B00148A5E /* AssetsLiveCodingUITests.swift */; };
		45BC68EC2C77A59B00148A5E /* AssetsLiveCodingUITestsLaunchTests.swift in Sources */ = {isa = PBXBuildFile; fileRef = 45BC68EB2C77A59B00148A5E /* AssetsLiveCodingUITestsLaunchTests.swift */; };
		45CFD3D12C77A7500076829D /* AssetsListViewModel.swift in Sources */ = {isa = PBXBuildFile; fileRef = 45CFD3D02C77A7500076829D /* AssetsListViewModel.swift */; };
		45CFD3D32C77A78B0076829D /* Asset.swift in Sources */ = {isa = PBXBuildFile; fileRef = 45CFD3D22C77A78B0076829D /* Asset.swift */; };
		45CFD3D62C77B3770076829D /* HTTPClient.swift in Sources */ = {isa = PBXBuildFile; fileRef = 45CFD3D52C77B3770076829D /* HTTPClient.swift */; };
		45CFD3D92C77B3B70076829D /* AssetsService.swift in Sources */ = {isa = PBXBuildFile; fileRef = 45CFD3D82C77B3B70076829D /* AssetsService.swift */; };
/* End PBXBuildFile section */

/* Begin PBXContainerItemProxy section */
		45BC68DC2C77A59B00148A5E /* PBXContainerItemProxy */ = {
			isa = PBXContainerItemProxy;
			containerPortal = 45BC68C32C77A59800148A5E /* Project object */;
			proxyType = 1;
			remoteGlobalIDString = 45BC68CA2C77A59800148A5E;
			remoteInfo = AssetsLiveCoding;
		};
		45BC68E62C77A59B00148A5E /* PBXContainerItemProxy */ = {
			isa = PBXContainerItemProxy;
			containerPortal = 45BC68C32C77A59800148A5E /* Project object */;
			proxyType = 1;
			remoteGlobalIDString = 45BC68CA2C77A59800148A5E;
			remoteInfo = AssetsLiveCoding;
		};
/* End PBXContainerItemProxy section */

/* Begin PBXFileReference section */
		079CED4E2D0E10B400CFCCED /* DS.swift */ = {isa = PBXFileReference; lastKnownFileType = sourcecode.swift; path = DS.swift; sourceTree = "<group>"; };
		07D075BC2D0CAB7500057524 /* ViewExtensions.swift */ = {isa = PBXFileReference; lastKnownFileType = sourcecode.swift; path = ViewExtensions.swift; sourceTree = "<group>"; };
		45481A312C871CDD00EEB467 /* AssetsResponse.swift */ = {isa = PBXFileReference; lastKnownFileType = sourcecode.swift; path = AssetsResponse.swift; sourceTree = "<group>"; };
		45BC68CB2C77A59800148A5E /* AssetsLiveCoding.app */ = {isa = PBXFileReference; explicitFileType = wrapper.application; includeInIndex = 0; path = AssetsLiveCoding.app; sourceTree = BUILT_PRODUCTS_DIR; };
		45BC68CE2C77A59800148A5E /* AssetsLiveCodingApp.swift */ = {isa = PBXFileReference; lastKnownFileType = sourcecode.swift; path = AssetsLiveCodingApp.swift; sourceTree = "<group>"; };
		45BC68D02C77A59800148A5E /* AssetsListView.swift */ = {isa = PBXFileReference; lastKnownFileType = sourcecode.swift; path = AssetsListView.swift; sourceTree = "<group>"; };
		45BC68D22C77A59A00148A5E /* Assets.xcassets */ = {isa = PBXFileReference; lastKnownFileType = folder.assetcatalog; path = Assets.xcassets; sourceTree = "<group>"; };
		45BC68D52C77A59A00148A5E /* Preview Assets.xcassets */ = {isa = PBXFileReference; lastKnownFileType = folder.assetcatalog; path = "Preview Assets.xcassets"; sourceTree = "<group>"; };
		45BC68DB2C77A59B00148A5E /* AssetsLiveCodingTests.xctest */ = {isa = PBXFileReference; explicitFileType = wrapper.cfbundle; includeInIndex = 0; path = AssetsLiveCodingTests.xctest; sourceTree = BUILT_PRODUCTS_DIR; };
		45BC68DF2C77A59B00148A5E /* AssetsLiveCodingTests.swift */ = {isa = PBXFileReference; lastKnownFileType = sourcecode.swift; path = AssetsLiveCodingTests.swift; sourceTree = "<group>"; };
		45BC68E52C77A59B00148A5E /* AssetsLiveCodingUITests.xctest */ = {isa = PBXFileReference; explicitFileType = wrapper.cfbundle; includeInIndex = 0; path = AssetsLiveCodingUITests.xctest; sourceTree = BUILT_PRODUCTS_DIR; };
		45BC68E92C77A59B00148A5E /* AssetsLiveCodingUITests.swift */ = {isa = PBXFileReference; lastKnownFileType = sourcecode.swift; path = AssetsLiveCodingUITests.swift; sourceTree = "<group>"; };
		45BC68EB2C77A59B00148A5E /* AssetsLiveCodingUITestsLaunchTests.swift */ = {isa = PBXFileReference; lastKnownFileType = sourcecode.swift; path = AssetsLiveCodingUITestsLaunchTests.swift; sourceTree = "<group>"; };
		45CFD3D02C77A7500076829D /* AssetsListViewModel.swift */ = {isa = PBXFileReference; lastKnownFileType = sourcecode.swift; path = AssetsListViewModel.swift; sourceTree = "<group>"; };
		45CFD3D22C77A78B0076829D /* Asset.swift */ = {isa = PBXFileReference; lastKnownFileType = sourcecode.swift; path = Asset.swift; sourceTree = "<group>"; };
		45CFD3D52C77B3770076829D /* HTTPClient.swift */ = {isa = PBXFileReference; lastKnownFileType = sourcecode.swift; path = HTTPClient.swift; sourceTree = "<group>"; };
		45CFD3D82C77B3B70076829D /* AssetsService.swift */ = {isa = PBXFileReference; lastKnownFileType = sourcecode.swift; path = AssetsService.swift; sourceTree = "<group>"; };
/* End PBXFileReference section */

/* Begin PBXFrameworksBuildPhase section */
		45BC68C82C77A59800148A5E /* Frameworks */ = {
			isa = PBXFrameworksBuildPhase;
			buildActionMask = 2147483647;
			files = (
			);
			runOnlyForDeploymentPostprocessing = 0;
		};
		45BC68D82C77A59B00148A5E /* Frameworks */ = {
			isa = PBXFrameworksBuildPhase;
			buildActionMask = 2147483647;
			files = (
			);
			runOnlyForDeploymentPostprocessing = 0;
		};
		45BC68E22C77A59B00148A5E /* Frameworks */ = {
			isa = PBXFrameworksBuildPhase;
			buildActionMask = 2147483647;
			files = (
			);
			runOnlyForDeploymentPostprocessing = 0;
		};
/* End PBXFrameworksBuildPhase section */

/* Begin PBXGroup section */
		079CED4D2D0E10A200CFCCED /* DesignSystem */ = {
			isa = PBXGroup;
			children = (
				079CED4E2D0E10B400CFCCED /* DS.swift */,
			);
			path = DesignSystem;
			sourceTree = "<group>";
		};
		45BC68C22C77A59800148A5E = {
			isa = PBXGroup;
			children = (
				45BC68CD2C77A59800148A5E /* AssetsLiveCoding */,
				45BC68DE2C77A59B00148A5E /* AssetsLiveCodingTests */,
				45BC68E82C77A59B00148A5E /* AssetsLiveCodingUITests */,
				45BC68CC2C77A59800148A5E /* Products */,
			);
			sourceTree = "<group>";
		};
		45BC68CC2C77A59800148A5E /* Products */ = {
			isa = PBXGroup;
			children = (
				45BC68CB2C77A59800148A5E /* AssetsLiveCoding.app */,
				45BC68DB2C77A59B00148A5E /* AssetsLiveCodingTests.xctest */,
				45BC68E52C77A59B00148A5E /* AssetsLiveCodingUITests.xctest */,
			);
			name = Products;
			sourceTree = "<group>";
		};
		45BC68CD2C77A59800148A5E /* AssetsLiveCoding */ = {
			isa = PBXGroup;
			children = (
				079CED4D2D0E10A200CFCCED /* DesignSystem */,
				45BC68FC2C77A60400148A5E /* Resources */,
				45BC68FB2C77A5FD00148A5E /* View */,
				45BC68FA2C77A5F500148A5E /* ViewModel */,
				45BC68F92C77A5EF00148A5E /* Model */,
				45BC68F82C77A5E700148A5E /* Service */,
				45BC68CE2C77A59800148A5E /* AssetsLiveCodingApp.swift */,
				45BC68D42C77A59A00148A5E /* Preview Content */,
			);
			path = AssetsLiveCoding;
			sourceTree = "<group>";
		};
		45BC68D42C77A59A00148A5E /* Preview Content */ = {
			isa = PBXGroup;
			children = (
				45BC68D52C77A59A00148A5E /* Preview Assets.xcassets */,
			);
			path = "Preview Content";
			sourceTree = "<group>";
		};
		45BC68DE2C77A59B00148A5E /* AssetsLiveCodingTests */ = {
			isa = PBXGroup;
			children = (
				45BC68DF2C77A59B00148A5E /* AssetsLiveCodingTests.swift */,
			);
			path = AssetsLiveCodingTests;
			sourceTree = "<group>";
		};
		45BC68E82C77A59B00148A5E /* AssetsLiveCodingUITests */ = {
			isa = PBXGroup;
			children = (
				45BC68E92C77A59B00148A5E /* AssetsLiveCodingUITests.swift */,
				45BC68EB2C77A59B00148A5E /* AssetsLiveCodingUITestsLaunchTests.swift */,
			);
			path = AssetsLiveCodingUITests;
			sourceTree = "<group>";
		};
		45BC68F82C77A5E700148A5E /* Service */ = {
			isa = PBXGroup;
			children = (
				45CFD3D42C77B36D0076829D /* Base */,
				45CFD3D82C77B3B70076829D /* AssetsService.swift */,
			);
			path = Service;
			sourceTree = "<group>";
		};
		45BC68F92C77A5EF00148A5E /* Model */ = {
			isa = PBXGroup;
			children = (
				45CFD3D22C77A78B0076829D /* Asset.swift */,
				45481A312C871CDD00EEB467 /* AssetsResponse.swift */,
			);
			path = Model;
			sourceTree = "<group>";
		};
		45BC68FA2C77A5F500148A5E /* ViewModel */ = {
			isa = PBXGroup;
			children = (
				45CFD3D02C77A7500076829D /* AssetsListViewModel.swift */,
			);
			path = ViewModel;
			sourceTree = "<group>";
		};
		45BC68FB2C77A5FD00148A5E /* View */ = {
			isa = PBXGroup;
			children = (
				45BC68D02C77A59800148A5E /* AssetsListView.swift */,
				07D075BC2D0CAB7500057524 /* ViewExtensions.swift */,
			);
			path = View;
			sourceTree = "<group>";
		};
		45BC68FC2C77A60400148A5E /* Resources */ = {
			isa = PBXGroup;
			children = (
				45BC68D22C77A59A00148A5E /* Assets.xcassets */,
			);
			path = Resources;
			sourceTree = "<group>";
		};
		45CFD3D42C77B36D0076829D /* Base */ = {
			isa = PBXGroup;
			children = (
				45CFD3D52C77B3770076829D /* HTTPClient.swift */,
			);
			path = Base;
			sourceTree = "<group>";
		};
/* End PBXGroup section */

/* Begin PBXNativeTarget section */
		45BC68CA2C77A59800148A5E /* AssetsLiveCoding */ = {
			isa = PBXNativeTarget;
			buildConfigurationList = 45BC68EF2C77A59B00148A5E /* Build configuration list for PBXNativeTarget "AssetsLiveCoding" */;
			buildPhases = (
				45BC68C72C77A59800148A5E /* Sources */,
				45BC68C82C77A59800148A5E /* Frameworks */,
				45BC68C92C77A59800148A5E /* Resources */,
			);
			buildRules = (
			);
			dependencies = (
			);
			name = AssetsLiveCoding;
			productName = AssetsLiveCoding;
			productReference = 45BC68CB2C77A59800148A5E /* AssetsLiveCoding.app */;
			productType = "com.apple.product-type.application";
		};
		45BC68DA2C77A59B00148A5E /* AssetsLiveCodingTests */ = {
			isa = PBXNativeTarget;
			buildConfigurationList = 45BC68F22C77A59B00148A5E /* Build configuration list for PBXNativeTarget "AssetsLiveCodingTests" */;
			buildPhases = (
				45BC68D72C77A59B00148A5E /* Sources */,
				45BC68D82C77A59B00148A5E /* Frameworks */,
				45BC68D92C77A59B00148A5E /* Resources */,
			);
			buildRules = (
			);
			dependencies = (
				45BC68DD2C77A59B00148A5E /* PBXTargetDependency */,
			);
			name = AssetsLiveCodingTests;
			productName = AssetsLiveCodingTests;
			productReference = 45BC68DB2C77A59B00148A5E /* AssetsLiveCodingTests.xctest */;
			productType = "com.apple.product-type.bundle.unit-test";
		};
		45BC68E42C77A59B00148A5E /* AssetsLiveCodingUITests */ = {
			isa = PBXNativeTarget;
			buildConfigurationList = 45BC68F52C77A59B00148A5E /* Build configuration list for PBXNativeTarget "AssetsLiveCodingUITests" */;
			buildPhases = (
				45BC68E12C77A59B00148A5E /* Sources */,
				45BC68E22C77A59B00148A5E /* Frameworks */,
				45BC68E32C77A59B00148A5E /* Resources */,
			);
			buildRules = (
			);
			dependencies = (
				45BC68E72C77A59B00148A5E /* PBXTargetDependency */,
			);
			name = AssetsLiveCodingUITests;
			productName = AssetsLiveCodingUITests;
			productReference = 45BC68E52C77A59B00148A5E /* AssetsLiveCodingUITests.xctest */;
			productType = "com.apple.product-type.bundle.ui-testing";
		};
/* End PBXNativeTarget section */

/* Begin PBXProject section */
		45BC68C32C77A59800148A5E /* Project object */ = {
			isa = PBXProject;
			attributes = {
				BuildIndependentTargetsInParallel = 1;
				LastSwiftUpdateCheck = 1540;
				LastUpgradeCheck = 1540;
				TargetAttributes = {
					45BC68CA2C77A59800148A5E = {
						CreatedOnToolsVersion = 15.4;
					};
					45BC68DA2C77A59B00148A5E = {
						CreatedOnToolsVersion = 15.4;
						TestTargetID = 45BC68CA2C77A59800148A5E;
					};
					45BC68E42C77A59B00148A5E = {
						CreatedOnToolsVersion = 15.4;
						TestTargetID = 45BC68CA2C77A59800148A5E;
					};
				};
			};
			buildConfigurationList = 45BC68C62C77A59800148A5E /* Build configuration list for PBXProject "AssetsLiveCoding" */;
			compatibilityVersion = "Xcode 14.0";
			developmentRegion = en;
			hasScannedForEncodings = 0;
			knownRegions = (
				en,
				Base,
			);
			mainGroup = 45BC68C22C77A59800148A5E;
			productRefGroup = 45BC68CC2C77A59800148A5E /* Products */;
			projectDirPath = "";
			projectRoot = "";
			targets = (
				45BC68CA2C77A59800148A5E /* AssetsLiveCoding */,
				45BC68DA2C77A59B00148A5E /* AssetsLiveCodingTests */,
				45BC68E42C77A59B00148A5E /* AssetsLiveCodingUITests */,
			);
		};
/* End PBXProject section */

/* Begin PBXResourcesBuildPhase section */
		45BC68C92C77A59800148A5E /* Resources */ = {
			isa = PBXResourcesBuildPhase;
			buildActionMask = 2147483647;
			files = (
				45BC68D62C77A59A00148A5E /* Preview Assets.xcassets in Resources */,
				45BC68D32C77A59A00148A5E /* Assets.xcassets in Resources */,
			);
			runOnlyForDeploymentPostprocessing = 0;
		};
		45BC68D92C77A59B00148A5E /* Resources */ = {
			isa = PBXResourcesBuildPhase;
			buildActionMask = 2147483647;
			files = (
			);
			runOnlyForDeploymentPostprocessing = 0;
		};
		45BC68E32C77A59B00148A5E /* Resources */ = {
			isa = PBXResourcesBuildPhase;
			buildActionMask = 2147483647;
			files = (
			);
			runOnlyForDeploymentPostprocessing = 0;
		};
/* End PBXResourcesBuildPhase section */

/* Begin PBXSourcesBuildPhase section */
		45BC68C72C77A59800148A5E /* Sources */ = {
			isa = PBXSourcesBuildPhase;
			buildActionMask = 2147483647;
			files = (
				45CFD3D92C77B3B70076829D /* AssetsService.swift in Sources */,
				45BC68D12C77A59800148A5E /* AssetsListView.swift in Sources */,
				079CED4F2D0E10B400CFCCED /* DS.swift in Sources */,
				07D075BD2D0CAB7500057524 /* ViewExtensions.swift in Sources */,
				45481A322C871CDD00EEB467 /* AssetsResponse.swift in Sources */,
				45CFD3D62C77B3770076829D /* HTTPClient.swift in Sources */,
				45CFD3D12C77A7500076829D /* AssetsListViewModel.swift in Sources */,
				45CFD3D32C77A78B0076829D /* Asset.swift in Sources */,
				45BC68CF2C77A59800148A5E /* AssetsLiveCodingApp.swift in Sources */,
			);
			runOnlyForDeploymentPostprocessing = 0;
		};
		45BC68D72C77A59B00148A5E /* Sources */ = {
			isa = PBXSourcesBuildPhase;
			buildActionMask = 2147483647;
			files = (
				45BC68E02C77A59B00148A5E /* AssetsLiveCodingTests.swift in Sources */,
			);
			runOnlyForDeploymentPostprocessing = 0;
		};
		45BC68E12C77A59B00148A5E /* Sources */ = {
			isa = PBXSourcesBuildPhase;
			buildActionMask = 2147483647;
			files = (
				45BC68EA2C77A59B00148A5E /* AssetsLiveCodingUITests.swift in Sources */,
				45BC68EC2C77A59B00148A5E /* AssetsLiveCodingUITestsLaunchTests.swift in Sources */,
			);
			runOnlyForDeploymentPostprocessing = 0;
		};
/* End PBXSourcesBuildPhase section */

/* Begin PBXTargetDependency section */
		45BC68DD2C77A59B00148A5E /* PBXTargetDependency */ = {
			isa = PBXTargetDependency;
			target = 45BC68CA2C77A59800148A5E /* AssetsLiveCoding */;
			targetProxy = 45BC68DC2C77A59B00148A5E /* PBXContainerItemProxy */;
		};
		45BC68E72C77A59B00148A5E /* PBXTargetDependency */ = {
			isa = PBXTargetDependency;
			target = 45BC68CA2C77A59800148A5E /* AssetsLiveCoding */;
			targetProxy = 45BC68E62C77A59B00148A5E /* PBXContainerItemProxy */;
		};
/* End PBXTargetDependency section */

/* Begin XCBuildConfiguration section */
		45BC68ED2C77A59B00148A5E /* Debug */ = {
			isa = XCBuildConfiguration;
			buildSettings = {
				ALWAYS_SEARCH_USER_PATHS = NO;
				ASSETCATALOG_COMPILER_GENERATE_SWIFT_ASSET_SYMBOL_EXTENSIONS = YES;
				CLANG_ANALYZER_NONNULL = YES;
				CLANG_ANALYZER_NUMBER_OBJECT_CONVERSION = YES_AGGRESSIVE;
				CLANG_CXX_LANGUAGE_STANDARD = "gnu++20";
				CLANG_ENABLE_MODULES = YES;
				CLANG_ENABLE_OBJC_ARC = YES;
				CLANG_ENABLE_OBJC_WEAK = YES;
				CLANG_WARN_BLOCK_CAPTURE_AUTORELEASING = YES;
				CLANG_WARN_BOOL_CONVERSION = YES;
				CLANG_WARN_COMMA = YES;
				CLANG_WARN_CONSTANT_CONVERSION = YES;
				CLANG_WARN_DEPRECATED_OBJC_IMPLEMENTATIONS = YES;
				CLANG_WARN_DIRECT_OBJC_ISA_USAGE = YES_ERROR;
				CLANG_WARN_DOCUMENTATION_COMMENTS = YES;
				CLANG_WARN_EMPTY_BODY = YES;
				CLANG_WARN_ENUM_CONVERSION = YES;
				CLANG_WARN_INFINITE_RECURSION = YES;
				CLANG_WARN_INT_CONVERSION = YES;
				CLANG_WARN_NON_LITERAL_NULL_CONVERSION = YES;
				CLANG_WARN_OBJC_IMPLICIT_RETAIN_SELF = YES;
				CLANG_WARN_OBJC_LITERAL_CONVERSION = YES;
				CLANG_WARN_OBJC_ROOT_CLASS = YES_ERROR;
				CLANG_WARN_QUOTED_INCLUDE_IN_FRAMEWORK_HEADER = YES;
				CLANG_WARN_RANGE_LOOP_ANALYSIS = YES;
				CLANG_WARN_STRICT_PROTOTYPES = YES;
				CLANG_WARN_SUSPICIOUS_MOVE = YES;
				CLANG_WARN_UNGUARDED_AVAILABILITY = YES_AGGRESSIVE;
				CLANG_WARN_UNREACHABLE_CODE = YES;
				CLANG_WARN__DUPLICATE_METHOD_MATCH = YES;
				COPY_PHASE_STRIP = NO;
				DEBUG_INFORMATION_FORMAT = dwarf;
				ENABLE_STRICT_OBJC_MSGSEND = YES;
				ENABLE_TESTABILITY = YES;
				ENABLE_USER_SCRIPT_SANDBOXING = YES;
				GCC_C_LANGUAGE_STANDARD = gnu17;
				GCC_DYNAMIC_NO_PIC = NO;
				GCC_NO_COMMON_BLOCKS = YES;
				GCC_OPTIMIZATION_LEVEL = 0;
				GCC_PREPROCESSOR_DEFINITIONS = (
					"DEBUG=1",
					"$(inherited)",
				);
				GCC_WARN_64_TO_32_BIT_CONVERSION = YES;
				GCC_WARN_ABOUT_RETURN_TYPE = YES_ERROR;
				GCC_WARN_UNDECLARED_SELECTOR = YES;
				GCC_WARN_UNINITIALIZED_AUTOS = YES_AGGRESSIVE;
				GCC_WARN_UNUSED_FUNCTION = YES;
				GCC_WARN_UNUSED_VARIABLE = YES;
				IPHONEOS_DEPLOYMENT_TARGET = 17.5;
				LOCALIZATION_PREFERS_STRING_CATALOGS = YES;
				MTL_ENABLE_DEBUG_INFO = INCLUDE_SOURCE;
				MTL_FAST_MATH = YES;
				ONLY_ACTIVE_ARCH = YES;
				SDKROOT = iphoneos;
				SWIFT_ACTIVE_COMPILATION_CONDITIONS = "DEBUG $(inherited)";
				SWIFT_OPTIMIZATION_LEVEL = "-Onone";
			};
			name = Debug;
		};
		45BC68EE2C77A59B00148A5E /* Release */ = {
			isa = XCBuildConfiguration;
			buildSettings = {
				ALWAYS_SEARCH_USER_PATHS = NO;
				ASSETCATALOG_COMPILER_GENERATE_SWIFT_ASSET_SYMBOL_EXTENSIONS = YES;
				CLANG_ANALYZER_NONNULL = YES;
				CLANG_ANALYZER_NUMBER_OBJECT_CONVERSION = YES_AGGRESSIVE;
				CLANG_CXX_LANGUAGE_STANDARD = "gnu++20";
				CLANG_ENABLE_MODULES = YES;
				CLANG_ENABLE_OBJC_ARC = YES;
				CLANG_ENABLE_OBJC_WEAK = YES;
				CLANG_WARN_BLOCK_CAPTURE_AUTORELEASING = YES;
				CLANG_WARN_BOOL_CONVERSION = YES;
				CLANG_WARN_COMMA = YES;
				CLANG_WARN_CONSTANT_CONVERSION = YES;
				CLANG_WARN_DEPRECATED_OBJC_IMPLEMENTATIONS = YES;
				CLANG_WARN_DIRECT_OBJC_ISA_USAGE = YES_ERROR;
				CLANG_WARN_DOCUMENTATION_COMMENTS = YES;
				CLANG_WARN_EMPTY_BODY = YES;
				CLANG_WARN_ENUM_CONVERSION = YES;
				CLANG_WARN_INFINITE_RECURSION = YES;
				CLANG_WARN_INT_CONVERSION = YES;
				CLANG_WARN_NON_LITERAL_NULL_CONVERSION = YES;
				CLANG_WARN_OBJC_IMPLICIT_RETAIN_SELF = YES;
				CLANG_WARN_OBJC_LITERAL_CONVERSION = YES;
				CLANG_WARN_OBJC_ROOT_CLASS = YES_ERROR;
				CLANG_WARN_QUOTED_INCLUDE_IN_FRAMEWORK_HEADER = YES;
				CLANG_WARN_RANGE_LOOP_ANALYSIS = YES;
				CLANG_WARN_STRICT_PROTOTYPES = YES;
				CLANG_WARN_SUSPICIOUS_MOVE = YES;
				CLANG_WARN_UNGUARDED_AVAILABILITY = YES_AGGRESSIVE;
				CLANG_WARN_UNREACHABLE_CODE = YES;
				CLANG_WARN__DUPLICATE_METHOD_MATCH = YES;
				COPY_PHASE_STRIP = NO;
				DEBUG_INFORMATION_FORMAT = "dwarf-with-dsym";
				ENABLE_NS_ASSERTIONS = NO;
				ENABLE_STRICT_OBJC_MSGSEND = YES;
				ENABLE_USER_SCRIPT_SANDBOXING = YES;
				GCC_C_LANGUAGE_STANDARD = gnu17;
				GCC_NO_COMMON_BLOCKS = YES;
				GCC_WARN_64_TO_32_BIT_CONVERSION = YES;
				GCC_WARN_ABOUT_RETURN_TYPE = YES_ERROR;
				GCC_WARN_UNDECLARED_SELECTOR = YES;
				GCC_WARN_UNINITIALIZED_AUTOS = YES_AGGRESSIVE;
				GCC_WARN_UNUSED_FUNCTION = YES;
				GCC_WARN_UNUSED_VARIABLE = YES;
				IPHONEOS_DEPLOYMENT_TARGET = 17.5;
				LOCALIZATION_PREFERS_STRING_CATALOGS = YES;
				MTL_ENABLE_DEBUG_INFO = NO;
				MTL_FAST_MATH = YES;
				SDKROOT = iphoneos;
				SWIFT_COMPILATION_MODE = wholemodule;
				VALIDATE_PRODUCT = YES;
			};
			name = Release;
		};
		45BC68F02C77A59B00148A5E /* Debug */ = {
			isa = XCBuildConfiguration;
			buildSettings = {
				ASSETCATALOG_COMPILER_APPICON_NAME = AppIcon;
				ASSETCATALOG_COMPILER_GLOBAL_ACCENT_COLOR_NAME = AccentColor;
				CODE_SIGN_STYLE = Automatic;
				CURRENT_PROJECT_VERSION = 1;
				DEVELOPMENT_ASSET_PATHS = "\"AssetsLiveCoding/Preview Content\"";
				ENABLE_PREVIEWS = YES;
				GENERATE_INFOPLIST_FILE = YES;
				INFOPLIST_KEY_UIApplicationSceneManifest_Generation = YES;
				INFOPLIST_KEY_UIApplicationSupportsIndirectInputEvents = YES;
				INFOPLIST_KEY_UILaunchScreen_Generation = YES;
				INFOPLIST_KEY_UISupportedInterfaceOrientations_iPad = "UIInterfaceOrientationPortrait UIInterfaceOrientationPortraitUpsideDown UIInterfaceOrientationLandscapeLeft UIInterfaceOrientationLandscapeRight";
				INFOPLIST_KEY_UISupportedInterfaceOrientations_iPhone = "UIInterfaceOrientationPortrait UIInterfaceOrientationLandscapeLeft UIInterfaceOrientationLandscapeRight";
				LD_RUNPATH_SEARCH_PATHS = (
					"$(inherited)",
					"@executable_path/Frameworks",
				);
				MARKETING_VERSION = 1.0;
				PRODUCT_BUNDLE_IDENTIFIER = com.trust.AssetsLiveCoding;
				PRODUCT_NAME = "$(TARGET_NAME)";
				SWIFT_EMIT_LOC_STRINGS = YES;
				SWIFT_VERSION = 5.0;
				TARGETED_DEVICE_FAMILY = "1,2";
			};
			name = Debug;
		};
		45BC68F12C77A59B00148A5E /* Release */ = {
			isa = XCBuildConfiguration;
			buildSettings = {
				ASSETCATALOG_COMPILER_APPICON_NAME = AppIcon;
				ASSETCATALOG_COMPILER_GLOBAL_ACCENT_COLOR_NAME = AccentColor;
				CODE_SIGN_STYLE = Automatic;
				CURRENT_PROJECT_VERSION = 1;
				DEVELOPMENT_ASSET_PATHS = "\"AssetsLiveCoding/Preview Content\"";
				ENABLE_PREVIEWS = YES;
				GENERATE_INFOPLIST_FILE = YES;
				INFOPLIST_KEY_UIApplicationSceneManifest_Generation = YES;
				INFOPLIST_KEY_UIApplicationSupportsIndirectInputEvents = YES;
				INFOPLIST_KEY_UILaunchScreen_Generation = YES;
				INFOPLIST_KEY_UISupportedInterfaceOrientations_iPad = "UIInterfaceOrientationPortrait UIInterfaceOrientationPortraitUpsideDown UIInterfaceOrientationLandscapeLeft UIInterfaceOrientationLandscapeRight";
				INFOPLIST_KEY_UISupportedInterfaceOrientations_iPhone = "UIInterfaceOrientationPortrait UIInterfaceOrientationLandscapeLeft UIInterfaceOrientationLandscapeRight";
				LD_RUNPATH_SEARCH_PATHS = (
					"$(inherited)",
					"@executable_path/Frameworks",
				);
				MARKETING_VERSION = 1.0;
				PRODUCT_BUNDLE_IDENTIFIER = com.trust.AssetsLiveCoding;
				PRODUCT_NAME = "$(TARGET_NAME)";
				SWIFT_EMIT_LOC_STRINGS = YES;
				SWIFT_VERSION = 5.0;
				TARGETED_DEVICE_FAMILY = "1,2";
			};
			name = Release;
		};
		45BC68F32C77A59B00148A5E /* Debug */ = {
			isa = XCBuildConfiguration;
			buildSettings = {
				ALWAYS_EMBED_SWIFT_STANDARD_LIBRARIES = YES;
				BUNDLE_LOADER = "$(TEST_HOST)";
				CODE_SIGN_STYLE = Automatic;
				CURRENT_PROJECT_VERSION = 1;
				GENERATE_INFOPLIST_FILE = YES;
				IPHONEOS_DEPLOYMENT_TARGET = 17.5;
				MARKETING_VERSION = 1.0;
				PRODUCT_BUNDLE_IDENTIFIER = com.trust.AssetsLiveCodingTests;
				PRODUCT_NAME = "$(TARGET_NAME)";
				SWIFT_EMIT_LOC_STRINGS = NO;
				SWIFT_VERSION = 5.0;
				TARGETED_DEVICE_FAMILY = "1,2";
				TEST_HOST = "$(BUILT_PRODUCTS_DIR)/AssetsLiveCoding.app/$(BUNDLE_EXECUTABLE_FOLDER_PATH)/AssetsLiveCoding";
			};
			name = Debug;
		};
		45BC68F42C77A59B00148A5E /* Release */ = {
			isa = XCBuildConfiguration;
			buildSettings = {
				ALWAYS_EMBED_SWIFT_STANDARD_LIBRARIES = YES;
				BUNDLE_LOADER = "$(TEST_HOST)";
				CODE_SIGN_STYLE = Automatic;
				CURRENT_PROJECT_VERSION = 1;
				GENERATE_INFOPLIST_FILE = YES;
				IPHONEOS_DEPLOYMENT_TARGET = 17.5;
				MARKETING_VERSION = 1.0;
				PRODUCT_BUNDLE_IDENTIFIER = com.trust.AssetsLiveCodingTests;
				PRODUCT_NAME = "$(TARGET_NAME)";
				SWIFT_EMIT_LOC_STRINGS = NO;
				SWIFT_VERSION = 5.0;
				TARGETED_DEVICE_FAMILY = "1,2";
				TEST_HOST = "$(BUILT_PRODUCTS_DIR)/AssetsLiveCoding.app/$(BUNDLE_EXECUTABLE_FOLDER_PATH)/AssetsLiveCoding";
			};
			name = Release;
		};
		45BC68F62C77A59B00148A5E /* Debug */ = {
			isa = XCBuildConfiguration;
			buildSettings = {
				ALWAYS_EMBED_SWIFT_STANDARD_LIBRARIES = YES;
				CODE_SIGN_STYLE = Automatic;
				CURRENT_PROJECT_VERSION = 1;
				GENERATE_INFOPLIST_FILE = YES;
				MARKETING_VERSION = 1.0;
				PRODUCT_BUNDLE_IDENTIFIER = com.trust.AssetsLiveCodingUITests;
				PRODUCT_NAME = "$(TARGET_NAME)";
				SWIFT_EMIT_LOC_STRINGS = NO;
				SWIFT_VERSION = 5.0;
				TARGETED_DEVICE_FAMILY = "1,2";
				TEST_TARGET_NAME = AssetsLiveCoding;
			};
			name = Debug;
		};
		45BC68F72C77A59B00148A5E /* Release */ = {
			isa = XCBuildConfiguration;
			buildSettings = {
				ALWAYS_EMBED_SWIFT_STANDARD_LIBRARIES = YES;
				CODE_SIGN_STYLE = Automatic;
				CURRENT_PROJECT_VERSION = 1;
				GENERATE_INFOPLIST_FILE = YES;
				MARKETING_VERSION = 1.0;
				PRODUCT_BUNDLE_IDENTIFIER = com.trust.AssetsLiveCodingUITests;
				PRODUCT_NAME = "$(TARGET_NAME)";
				SWIFT_EMIT_LOC_STRINGS = NO;
				SWIFT_VERSION = 5.0;
				TARGETED_DEVICE_FAMILY = "1,2";
				TEST_TARGET_NAME = AssetsLiveCoding;
			};
			name = Release;
		};
/* End XCBuildConfiguration section */

/* Begin XCConfigurationList section */
		45BC68C62C77A59800148A5E /* Build configuration list for PBXProject "AssetsLiveCoding" */ = {
			isa = XCConfigurationList;
			buildConfigurations = (
				45BC68ED2C77A59B00148A5E /* Debug */,
				45BC68EE2C77A59B00148A5E /* Release */,
			);
			defaultConfigurationIsVisible = 0;
			defaultConfigurationName = Release;
		};
		45BC68EF2C77A59B00148A5E /* Build configuration list for PBXNativeTarget "AssetsLiveCoding" */ = {
			isa = XCConfigurationList;
			buildConfigurations = (
				45BC68F02C77A59B00148A5E /* Debug */,
				45BC68F12C77A59B00148A5E /* Release */,
			);
			defaultConfigurationIsVisible = 0;
			defaultConfigurationName = Release;
		};
		45BC68F22C77A59B00148A5E /* Build configuration list for PBXNativeTarget "AssetsLiveCodingTests" */ = {
			isa = XCConfigurationList;
			buildConfigurations = (
				45BC68F32C77A59B00148A5E /* Debug */,
				45BC68F42C77A59B00148A5E /* Release */,
			);
			defaultConfigurationIsVisible = 0;
			defaultConfigurationName = Release;
		};
		45BC68F52C77A59B00148A5E /* Build configuration list for PBXNativeTarget "AssetsLiveCodingUITests" */ = {
			isa = XCConfigurationList;
			buildConfigurations = (
				45BC68F62C77A59B00148A5E /* Debug */,
				45BC68F72C77A59B00148A5E /* Release */,
			);
			defaultConfigurationIsVisible = 0;
			defaultConfigurationName = Release;
		};
/* End XCConfigurationList section */
	};
	rootObject = 45BC68C32C77A59800148A5E /* Project object */;
}
