// !$*UTF8*$!
{
	archiveVersion = 1;
	classes = {
	};
	objectVersion = 56;
	objects = {

/* Begin PBXBuildFile section */
		076D58672D0CB972008520A2 /* PersonalProjectApp.swift in Sources */ = {isa = PBXBuildFile; fileRef = 076D58662D0CB972008520A2 /* PersonalProjectApp.swift */; };
		076D58692D0CB972008520A2 /* ListView.swift in Sources */ = {isa = PBXBuildFile; fileRef = 076D58682D0CB972008520A2 /* ListView.swift */; };
		076D586B2D0CB975008520A2 /* Assets.xcassets in Resources */ = {isa = PBXBuildFile; fileRef = 076D586A2D0CB975008520A2 /* Assets.xcassets */; };
		076D586E2D0CB975008520A2 /* Preview Assets.xcassets in Resources */ = {isa = PBXBuildFile; fileRef = 076D586D2D0CB975008520A2 /* Preview Assets.xcassets */; };
		076D58782D0CB975008520A2 /* PersonalProjectTests.swift in Sources */ = {isa = PBXBuildFile; fileRef = 076D58772D0CB975008520A2 /* PersonalProjectTests.swift */; };
		076D58822D0CB975008520A2 /* PersonalProjectUITests.swift in Sources */ = {isa = PBXBuildFile; fileRef = 076D58812D0CB975008520A2 /* PersonalProjectUITests.swift */; };
		076D58842D0CB975008520A2 /* PersonalProjectUITestsLaunchTests.swift in Sources */ = {isa = PBXBuildFile; fileRef = 076D58832D0CB975008520A2 /* PersonalProjectUITestsLaunchTests.swift */; };
		076D58912D0CBA98008520A2 /* ListViewModel.swift in Sources */ = {isa = PBXBuildFile; fileRef = 076D58902D0CBA98008520A2 /* ListViewModel.swift */; };
		076D58942D0CBF0D008520A2 /* ListModel.swift in Sources */ = {isa = PBXBuildFile; fileRef = 076D58932D0CBF0D008520A2 /* ListModel.swift */; };
/* End PBXBuildFile section */

/* Begin PBXContainerItemProxy section */
		076D58742D0CB975008520A2 /* PBXContainerItemProxy */ = {
			isa = PBXContainerItemProxy;
			containerPortal = 076D585B2D0CB972008520A2 /* Project object */;
			proxyType = 1;
			remoteGlobalIDString = 076D58622D0CB972008520A2;
			remoteInfo = PersonalProject;
		};
		076D587E2D0CB975008520A2 /* PBXContainerItemProxy */ = {
			isa = PBXContainerItemProxy;
			containerPortal = 076D585B2D0CB972008520A2 /* Project object */;
			proxyType = 1;
			remoteGlobalIDString = 076D58622D0CB972008520A2;
			remoteInfo = PersonalProject;
		};
/* End PBXContainerItemProxy section */

/* Begin PBXFileReference section */
		076D58632D0CB972008520A2 /* PersonalProject.app */ = {isa = PBXFileReference; explicitFileType = wrapper.application; includeInIndex = 0; path = PersonalProject.app; sourceTree = BUILT_PRODUCTS_DIR; };
		076D58662D0CB972008520A2 /* PersonalProjectApp.swift */ = {isa = PBXFileReference; lastKnownFileType = sourcecode.swift; path = PersonalProjectApp.swift; sourceTree = "<group>"; };
		076D58682D0CB972008520A2 /* ListView.swift */ = {isa = PBXFileReference; lastKnownFileType = sourcecode.swift; path = ListView.swift; sourceTree = "<group>"; };
		076D586A2D0CB975008520A2 /* Assets.xcassets */ = {isa = PBXFileReference; lastKnownFileType = folder.assetcatalog; path = Assets.xcassets; sourceTree = "<group>"; };
		076D586D2D0CB975008520A2 /* Preview Assets.xcassets */ = {isa = PBXFileReference; lastKnownFileType = folder.assetcatalog; path = "Preview Assets.xcassets"; sourceTree = "<group>"; };
		076D58732D0CB975008520A2 /* PersonalProjectTests.xctest */ = {isa = PBXFileReference; explicitFileType = wrapper.cfbundle; includeInIndex = 0; path = PersonalProjectTests.xctest; sourceTree = BUILT_PRODUCTS_DIR; };
		076D58772D0CB975008520A2 /* PersonalProjectTests.swift */ = {isa = PBXFileReference; lastKnownFileType = sourcecode.swift; path = PersonalProjectTests.swift; sourceTree = "<group>"; };
		076D587D2D0CB975008520A2 /* PersonalProjectUITests.xctest */ = {isa = PBXFileReference; explicitFileType = wrapper.cfbundle; includeInIndex = 0; path = PersonalProjectUITests.xctest; sourceTree = BUILT_PRODUCTS_DIR; };
		076D58812D0CB975008520A2 /* PersonalProjectUITests.swift */ = {isa = PBXFileReference; lastKnownFileType = sourcecode.swift; path = PersonalProjectUITests.swift; sourceTree = "<group>"; };
		076D58832D0CB975008520A2 /* PersonalProjectUITestsLaunchTests.swift */ = {isa = PBXFileReference; lastKnownFileType = sourcecode.swift; path = PersonalProjectUITestsLaunchTests.swift; sourceTree = "<group>"; };
		076D58902D0CBA98008520A2 /* ListViewModel.swift */ = {isa = PBXFileReference; lastKnownFileType = sourcecode.swift; path = ListViewModel.swift; sourceTree = "<group>"; };
		076D58932D0CBF0D008520A2 /* ListModel.swift */ = {isa = PBXFileReference; lastKnownFileType = sourcecode.swift; path = ListModel.swift; sourceTree = "<group>"; };
/* End PBXFileReference section */

/* Begin PBXFrameworksBuildPhase section */
		076D58602D0CB972008520A2 /* Frameworks */ = {
			isa = PBXFrameworksBuildPhase;
			buildActionMask = 2147483647;
			files = (
			);
			runOnlyForDeploymentPostprocessing = 0;
		};
		076D58702D0CB975008520A2 /* Frameworks */ = {
			isa = PBXFrameworksBuildPhase;
			buildActionMask = 2147483647;
			files = (
			);
			runOnlyForDeploymentPostprocessing = 0;
		};
		076D587A2D0CB975008520A2 /* Frameworks */ = {
			isa = PBXFrameworksBuildPhase;
			buildActionMask = 2147483647;
			files = (
			);
			runOnlyForDeploymentPostprocessing = 0;
		};
/* End PBXFrameworksBuildPhase section */

/* Begin PBXGroup section */
		076D585A2D0CB972008520A2 = {
			isa = PBXGroup;
			children = (
				076D58652D0CB972008520A2 /* PersonalProject */,
				076D58762D0CB975008520A2 /* PersonalProjectTests */,
				076D58802D0CB975008520A2 /* PersonalProjectUITests */,
				076D58642D0CB972008520A2 /* Products */,
			);
			sourceTree = "<group>";
		};
		076D58642D0CB972008520A2 /* Products */ = {
			isa = PBXGroup;
			children = (
				076D58632D0CB972008520A2 /* PersonalProject.app */,
				076D58732D0CB975008520A2 /* PersonalProjectTests.xctest */,
				076D587D2D0CB975008520A2 /* PersonalProjectUITests.xctest */,
			);
			name = Products;
			sourceTree = "<group>";
		};
		076D58652D0CB972008520A2 /* PersonalProject */ = {
			isa = PBXGroup;
			children = (
				076D58922D0CBAA1008520A2 /* ListView */,
				076D58662D0CB972008520A2 /* PersonalProjectApp.swift */,
				076D586A2D0CB975008520A2 /* Assets.xcassets */,
				076D586C2D0CB975008520A2 /* Preview Content */,
			);
			path = PersonalProject;
			sourceTree = "<group>";
		};
		076D586C2D0CB975008520A2 /* Preview Content */ = {
			isa = PBXGroup;
			children = (
				076D586D2D0CB975008520A2 /* Preview Assets.xcassets */,
			);
			path = "Preview Content";
			sourceTree = "<group>";
		};
		076D58762D0CB975008520A2 /* PersonalProjectTests */ = {
			isa = PBXGroup;
			children = (
				076D58772D0CB975008520A2 /* PersonalProjectTests.swift */,
			);
			path = PersonalProjectTests;
			sourceTree = "<group>";
		};
		076D58802D0CB975008520A2 /* PersonalProjectUITests */ = {
			isa = PBXGroup;
			children = (
				076D58812D0CB975008520A2 /* PersonalProjectUITests.swift */,
				076D58832D0CB975008520A2 /* PersonalProjectUITestsLaunchTests.swift */,
			);
			path = PersonalProjectUITests;
			sourceTree = "<group>";
		};
		076D58922D0CBAA1008520A2 /* ListView */ = {
			isa = PBXGroup;
			children = (
				076D58682D0CB972008520A2 /* ListView.swift */,
				076D58902D0CBA98008520A2 /* ListViewModel.swift */,
				076D58932D0CBF0D008520A2 /* ListModel.swift */,
			);
			path = ListView;
			sourceTree = "<group>";
		};
/* End PBXGroup section */

/* Begin PBXNativeTarget section */
		076D58622D0CB972008520A2 /* PersonalProject */ = {
			isa = PBXNativeTarget;
			buildConfigurationList = 076D58872D0CB975008520A2 /* Build configuration list for PBXNativeTarget "PersonalProject" */;
			buildPhases = (
				076D585F2D0CB972008520A2 /* Sources */,
				076D58602D0CB972008520A2 /* Frameworks */,
				076D58612D0CB972008520A2 /* Resources */,
			);
			buildRules = (
			);
			dependencies = (
			);
			name = PersonalProject;
			productName = PersonalProject;
			productReference = 076D58632D0CB972008520A2 /* PersonalProject.app */;
			productType = "com.apple.product-type.application";
		};
		076D58722D0CB975008520A2 /* PersonalProjectTests */ = {
			isa = PBXNativeTarget;
			buildConfigurationList = 076D588A2D0CB975008520A2 /* Build configuration list for PBXNativeTarget "PersonalProjectTests" */;
			buildPhases = (
				076D586F2D0CB975008520A2 /* Sources */,
				076D58702D0CB975008520A2 /* Frameworks */,
				076D58712D0CB975008520A2 /* Resources */,
			);
			buildRules = (
			);
			dependencies = (
				076D58752D0CB975008520A2 /* PBXTargetDependency */,
			);
			name = PersonalProjectTests;
			productName = PersonalProjectTests;
			productReference = 076D58732D0CB975008520A2 /* PersonalProjectTests.xctest */;
			productType = "com.apple.product-type.bundle.unit-test";
		};
		076D587C2D0CB975008520A2 /* PersonalProjectUITests */ = {
			isa = PBXNativeTarget;
			buildConfigurationList = 076D588D2D0CB975008520A2 /* Build configuration list for PBXNativeTarget "PersonalProjectUITests" */;
			buildPhases = (
				076D58792D0CB975008520A2 /* Sources */,
				076D587A2D0CB975008520A2 /* Frameworks */,
				076D587B2D0CB975008520A2 /* Resources */,
			);
			buildRules = (
			);
			dependencies = (
				076D587F2D0CB975008520A2 /* PBXTargetDependency */,
			);
			name = PersonalProjectUITests;
			productName = PersonalProjectUITests;
			productReference = 076D587D2D0CB975008520A2 /* PersonalProjectUITests.xctest */;
			productType = "com.apple.product-type.bundle.ui-testing";
		};
/* End PBXNativeTarget section */

/* Begin PBXProject section */
		076D585B2D0CB972008520A2 /* Project object */ = {
			isa = PBXProject;
			attributes = {
				BuildIndependentTargetsInParallel = 1;
				LastSwiftUpdateCheck = 1540;
				LastUpgradeCheck = 1540;
				TargetAttributes = {
					076D58622D0CB972008520A2 = {
						CreatedOnToolsVersion = 15.4;
					};
					076D58722D0CB975008520A2 = {
						CreatedOnToolsVersion = 15.4;
						TestTargetID = 076D58622D0CB972008520A2;
					};
					076D587C2D0CB975008520A2 = {
						CreatedOnToolsVersion = 15.4;
						TestTargetID = 076D58622D0CB972008520A2;
					};
				};
			};
			buildConfigurationList = 076D585E2D0CB972008520A2 /* Build configuration list for PBXProject "PersonalProject" */;
			compatibilityVersion = "Xcode 14.0";
			developmentRegion = en;
			hasScannedForEncodings = 0;
			knownRegions = (
				en,
				Base,
			);
			mainGroup = 076D585A2D0CB972008520A2;
			productRefGroup = 076D58642D0CB972008520A2 /* Products */;
			projectDirPath = "";
			projectRoot = "";
			targets = (
				076D58622D0CB972008520A2 /* PersonalProject */,
				076D58722D0CB975008520A2 /* PersonalProjectTests */,
				076D587C2D0CB975008520A2 /* PersonalProjectUITests */,
			);
		};
/* End PBXProject section */

/* Begin PBXResourcesBuildPhase section */
		076D58612D0CB972008520A2 /* Resources */ = {
			isa = PBXResourcesBuildPhase;
			buildActionMask = 2147483647;
			files = (
				076D586E2D0CB975008520A2 /* Preview Assets.xcassets in Resources */,
				076D586B2D0CB975008520A2 /* Assets.xcassets in Resources */,
			);
			runOnlyForDeploymentPostprocessing = 0;
		};
		076D58712D0CB975008520A2 /* Resources */ = {
			isa = PBXResourcesBuildPhase;
			buildActionMask = 2147483647;
			files = (
			);
			runOnlyForDeploymentPostprocessing = 0;
		};
		076D587B2D0CB975008520A2 /* Resources */ = {
			isa = PBXResourcesBuildPhase;
			buildActionMask = 2147483647;
			files = (
			);
			runOnlyForDeploymentPostprocessing = 0;
		};
/* End PBXResourcesBuildPhase section */

/* Begin PBXSourcesBuildPhase section */
		076D585F2D0CB972008520A2 /* Sources */ = {
			isa = PBXSourcesBuildPhase;
			buildActionMask = 2147483647;
			files = (
				076D58692D0CB972008520A2 /* ListView.swift in Sources */,
				076D58672D0CB972008520A2 /* PersonalProjectApp.swift in Sources */,
				076D58912D0CBA98008520A2 /* ListViewModel.swift in Sources */,
				076D58942D0CBF0D008520A2 /* ListModel.swift in Sources */,
			);
			runOnlyForDeploymentPostprocessing = 0;
		};
		076D586F2D0CB975008520A2 /* Sources */ = {
			isa = PBXSourcesBuildPhase;
			buildActionMask = 2147483647;
			files = (
				076D58782D0CB975008520A2 /* PersonalProjectTests.swift in Sources */,
			);
			runOnlyForDeploymentPostprocessing = 0;
		};
		076D58792D0CB975008520A2 /* Sources */ = {
			isa = PBXSourcesBuildPhase;
			buildActionMask = 2147483647;
			files = (
				076D58842D0CB975008520A2 /* PersonalProjectUITestsLaunchTests.swift in Sources */,
				076D58822D0CB975008520A2 /* PersonalProjectUITests.swift in Sources */,
			);
			runOnlyForDeploymentPostprocessing = 0;
		};
/* End PBXSourcesBuildPhase section */

/* Begin PBXTargetDependency section */
		076D58752D0CB975008520A2 /* PBXTargetDependency */ = {
			isa = PBXTargetDependency;
			target = 076D58622D0CB972008520A2 /* PersonalProject */;
			targetProxy = 076D58742D0CB975008520A2 /* PBXContainerItemProxy */;
		};
		076D587F2D0CB975008520A2 /* PBXTargetDependency */ = {
			isa = PBXTargetDependency;
			target = 076D58622D0CB972008520A2 /* PersonalProject */;
			targetProxy = 076D587E2D0CB975008520A2 /* PBXContainerItemProxy */;
		};
/* End PBXTargetDependency section */

/* Begin XCBuildConfiguration section */
		076D58852D0CB975008520A2 /* Debug */ = {
			isa = XCBuildConfiguration;
			buildSettings = {
				ALWAYS_SEARCH_USER_PATHS = NO;
				ASSETCATALOG_COMPILER_GENERATE_SWIFT_ASSET_SYMBOL_EXTENSIONS = YES;
				CLANG_ANALYZER_NONNULL = YES;
				CLANG_ANALYZER_NUMBER_OBJECT_CONVERSION = YES_AGGRESSIVE;
				CLANG_CXX_LANGUAGE_STANDARD = "gnu++20";
				CLANG_ENABLE_MODULES = YES;
				CLANG_ENABLE_OBJC_ARC = YES;
				CLANG_ENABLE_OBJC_WEAK = YES;
				CLANG_WARN_BLOCK_CAPTURE_AUTORELEASING = YES;
				CLANG_WARN_BOOL_CONVERSION = YES;
				CLANG_WARN_COMMA = YES;
				CLANG_WARN_CONSTANT_CONVERSION = YES;
				CLANG_WARN_DEPRECATED_OBJC_IMPLEMENTATIONS = YES;
				CLANG_WARN_DIRECT_OBJC_ISA_USAGE = YES_ERROR;
				CLANG_WARN_DOCUMENTATION_COMMENTS = YES;
				CLANG_WARN_EMPTY_BODY = YES;
				CLANG_WARN_ENUM_CONVERSION = YES;
				CLANG_WARN_INFINITE_RECURSION = YES;
				CLANG_WARN_INT_CONVERSION = YES;
				CLANG_WARN_NON_LITERAL_NULL_CONVERSION = YES;
				CLANG_WARN_OBJC_IMPLICIT_RETAIN_SELF = YES;
				CLANG_WARN_OBJC_LITERAL_CONVERSION = YES;
				CLANG_WARN_OBJC_ROOT_CLASS = YES_ERROR;
				CLANG_WARN_QUOTED_INCLUDE_IN_FRAMEWORK_HEADER = YES;
				CLANG_WARN_RANGE_LOOP_ANALYSIS = YES;
				CLANG_WARN_STRICT_PROTOTYPES = YES;
				CLANG_WARN_SUSPICIOUS_MOVE = YES;
				CLANG_WARN_UNGUARDED_AVAILABILITY = YES_AGGRESSIVE;
				CLANG_WARN_UNREACHABLE_CODE = YES;
				CLANG_WARN__DUPLICATE_METHOD_MATCH = YES;
				COPY_PHASE_STRIP = NO;
				DEBUG_INFORMATION_FORMAT = dwarf;
				ENABLE_STRICT_OBJC_MSGSEND = YES;
				ENABLE_TESTABILITY = YES;
				ENABLE_USER_SCRIPT_SANDBOXING = YES;
				GCC_C_LANGUAGE_STANDARD = gnu17;
				GCC_DYNAMIC_NO_PIC = NO;
				GCC_NO_COMMON_BLOCKS = YES;
				GCC_OPTIMIZATION_LEVEL = 0;
				GCC_PREPROCESSOR_DEFINITIONS = (
					"DEBUG=1",
					"$(inherited)",
				);
				GCC_WARN_64_TO_32_BIT_CONVERSION = YES;
				GCC_WARN_ABOUT_RETURN_TYPE = YES_ERROR;
				GCC_WARN_UNDECLARED_SELECTOR = YES;
				GCC_WARN_UNINITIALIZED_AUTOS = YES_AGGRESSIVE;
				GCC_WARN_UNUSED_FUNCTION = YES;
				GCC_WARN_UNUSED_VARIABLE = YES;
				IPHONEOS_DEPLOYMENT_TARGET = 17.5;
				LOCALIZATION_PREFERS_STRING_CATALOGS = YES;
				MTL_ENABLE_DEBUG_INFO = INCLUDE_SOURCE;
				MTL_FAST_MATH = YES;
				ONLY_ACTIVE_ARCH = YES;
				SDKROOT = iphoneos;
				SWIFT_ACTIVE_COMPILATION_CONDITIONS = "DEBUG $(inherited)";
				SWIFT_OPTIMIZATION_LEVEL = "-Onone";
			};
			name = Debug;
		};
		076D58862D0CB975008520A2 /* Release */ = {
			isa = XCBuildConfiguration;
			buildSettings = {
				ALWAYS_SEARCH_USER_PATHS = NO;
				ASSETCATALOG_COMPILER_GENERATE_SWIFT_ASSET_SYMBOL_EXTENSIONS = YES;
				CLANG_ANALYZER_NONNULL = YES;
				CLANG_ANALYZER_NUMBER_OBJECT_CONVERSION = YES_AGGRESSIVE;
				CLANG_CXX_LANGUAGE_STANDARD = "gnu++20";
				CLANG_ENABLE_MODULES = YES;
				CLANG_ENABLE_OBJC_ARC = YES;
				CLANG_ENABLE_OBJC_WEAK = YES;
				CLANG_WARN_BLOCK_CAPTURE_AUTORELEASING = YES;
				CLANG_WARN_BOOL_CONVERSION = YES;
				CLANG_WARN_COMMA = YES;
				CLANG_WARN_CONSTANT_CONVERSION = YES;
				CLANG_WARN_DEPRECATED_OBJC_IMPLEMENTATIONS = YES;
				CLANG_WARN_DIRECT_OBJC_ISA_USAGE = YES_ERROR;
				CLANG_WARN_DOCUMENTATION_COMMENTS = YES;
				CLANG_WARN_EMPTY_BODY = YES;
				CLANG_WARN_ENUM_CONVERSION = YES;
				CLANG_WARN_INFINITE_RECURSION = YES;
				CLANG_WARN_INT_CONVERSION = YES;
				CLANG_WARN_NON_LITERAL_NULL_CONVERSION = YES;
				CLANG_WARN_OBJC_IMPLICIT_RETAIN_SELF = YES;
				CLANG_WARN_OBJC_LITERAL_CONVERSION = YES;
				CLANG_WARN_OBJC_ROOT_CLASS = YES_ERROR;
				CLANG_WARN_QUOTED_INCLUDE_IN_FRAMEWORK_HEADER = YES;
				CLANG_WARN_RANGE_LOOP_ANALYSIS = YES;
				CLANG_WARN_STRICT_PROTOTYPES = YES;
				CLANG_WARN_SUSPICIOUS_MOVE = YES;
				CLANG_WARN_UNGUARDED_AVAILABILITY = YES_AGGRESSIVE;
				CLANG_WARN_UNREACHABLE_CODE = YES;
				CLANG_WARN__DUPLICATE_METHOD_MATCH = YES;
				COPY_PHASE_STRIP = NO;
				DEBUG_INFORMATION_FORMAT = "dwarf-with-dsym";
				ENABLE_NS_ASSERTIONS = NO;
				ENABLE_STRICT_OBJC_MSGSEND = YES;
				ENABLE_USER_SCRIPT_SANDBOXING = YES;
				GCC_C_LANGUAGE_STANDARD = gnu17;
				GCC_NO_COMMON_BLOCKS = YES;
				GCC_WARN_64_TO_32_BIT_CONVERSION = YES;
				GCC_WARN_ABOUT_RETURN_TYPE = YES_ERROR;
				GCC_WARN_UNDECLARED_SELECTOR = YES;
				GCC_WARN_UNINITIALIZED_AUTOS = YES_AGGRESSIVE;
				GCC_WARN_UNUSED_FUNCTION = YES;
				GCC_WARN_UNUSED_VARIABLE = YES;
				IPHONEOS_DEPLOYMENT_TARGET = 17.5;
				LOCALIZATION_PREFERS_STRING_CATALOGS = YES;
				MTL_ENABLE_DEBUG_INFO = NO;
				MTL_FAST_MATH = YES;
				SDKROOT = iphoneos;
				SWIFT_COMPILATION_MODE = wholemodule;
				VALIDATE_PRODUCT = YES;
			};
			name = Release;
		};
		076D58882D0CB975008520A2 /* Debug */ = {
			isa = XCBuildConfiguration;
			buildSettings = {
				ASSETCATALOG_COMPILER_APPICON_NAME = AppIcon;
				ASSETCATALOG_COMPILER_GLOBAL_ACCENT_COLOR_NAME = AccentColor;
				CODE_SIGN_STYLE = Automatic;
				CURRENT_PROJECT_VERSION = 1;
				DEVELOPMENT_ASSET_PATHS = "\"PersonalProject/Preview Content\"";
				DEVELOPMENT_TEAM = F9DP8D3V7J;
				ENABLE_PREVIEWS = YES;
				GENERATE_INFOPLIST_FILE = YES;
				INFOPLIST_KEY_UIApplicationSceneManifest_Generation = YES;
				INFOPLIST_KEY_UIApplicationSupportsIndirectInputEvents = YES;
				INFOPLIST_KEY_UILaunchScreen_Generation = YES;
				INFOPLIST_KEY_UISupportedInterfaceOrientations_iPad = "UIInterfaceOrientationPortrait UIInterfaceOrientationPortraitUpsideDown UIInterfaceOrientationLandscapeLeft UIInterfaceOrientationLandscapeRight";
				INFOPLIST_KEY_UISupportedInterfaceOrientations_iPhone = "UIInterfaceOrientationPortrait UIInterfaceOrientationLandscapeLeft UIInterfaceOrientationLandscapeRight";
				LD_RUNPATH_SEARCH_PATHS = (
					"$(inherited)",
					"@executable_path/Frameworks",
				);
				MARKETING_VERSION = 1.0;
				PRODUCT_BUNDLE_IDENTIFIER = com.PedroVargas.PersonalProject;
				PRODUCT_NAME = "$(TARGET_NAME)";
				SWIFT_EMIT_LOC_STRINGS = YES;
				SWIFT_VERSION = 5.0;
				TARGETED_DEVICE_FAMILY = "1,2";
			};
			name = Debug;
		};
		076D58892D0CB975008520A2 /* Release */ = {
			isa = XCBuildConfiguration;
			buildSettings = {
				ASSETCATALOG_COMPILER_APPICON_NAME = AppIcon;
				ASSETCATALOG_COMPILER_GLOBAL_ACCENT_COLOR_NAME = AccentColor;
				CODE_SIGN_STYLE = Automatic;
				CURRENT_PROJECT_VERSION = 1;
				DEVELOPMENT_ASSET_PATHS = "\"PersonalProject/Preview Content\"";
				DEVELOPMENT_TEAM = F9DP8D3V7J;
				ENABLE_PREVIEWS = YES;
				GENERATE_INFOPLIST_FILE = YES;
				INFOPLIST_KEY_UIApplicationSceneManifest_Generation = YES;
				INFOPLIST_KEY_UIApplicationSupportsIndirectInputEvents = YES;
				INFOPLIST_KEY_UILaunchScreen_Generation = YES;
				INFOPLIST_KEY_UISupportedInterfaceOrientations_iPad = "UIInterfaceOrientationPortrait UIInterfaceOrientationPortraitUpsideDown UIInterfaceOrientationLandscapeLeft UIInterfaceOrientationLandscapeRight";
				INFOPLIST_KEY_UISupportedInterfaceOrientations_iPhone = "UIInterfaceOrientationPortrait UIInterfaceOrientationLandscapeLeft UIInterfaceOrientationLandscapeRight";
				LD_RUNPATH_SEARCH_PATHS = (
					"$(inherited)",
					"@executable_path/Frameworks",
				);
				MARKETING_VERSION = 1.0;
				PRODUCT_BUNDLE_IDENTIFIER = com.PedroVargas.PersonalProject;
				PRODUCT_NAME = "$(TARGET_NAME)";
				SWIFT_EMIT_LOC_STRINGS = YES;
				SWIFT_VERSION = 5.0;
				TARGETED_DEVICE_FAMILY = "1,2";
			};
			name = Release;
		};
		076D588B2D0CB975008520A2 /* Debug */ = {
			isa = XCBuildConfiguration;
			buildSettings = {
				ALWAYS_EMBED_SWIFT_STANDARD_LIBRARIES = YES;
				BUNDLE_LOADER = "$(TEST_HOST)";
				CODE_SIGN_STYLE = Automatic;
				CURRENT_PROJECT_VERSION = 1;
				DEVELOPMENT_TEAM = F9DP8D3V7J;
				GENERATE_INFOPLIST_FILE = YES;
				IPHONEOS_DEPLOYMENT_TARGET = 17.5;
				MARKETING_VERSION = 1.0;
				PRODUCT_BUNDLE_IDENTIFIER = com.PedroVargas.PersonalProjectTests;
				PRODUCT_NAME = "$(TARGET_NAME)";
				SWIFT_EMIT_LOC_STRINGS = NO;
				SWIFT_VERSION = 5.0;
				TARGETED_DEVICE_FAMILY = "1,2";
				TEST_HOST = "$(BUILT_PRODUCTS_DIR)/PersonalProject.app/$(BUNDLE_EXECUTABLE_FOLDER_PATH)/PersonalProject";
			};
			name = Debug;
		};
		076D588C2D0CB975008520A2 /* Release */ = {
			isa = XCBuildConfiguration;
			buildSettings = {
				ALWAYS_EMBED_SWIFT_STANDARD_LIBRARIES = YES;
				BUNDLE_LOADER = "$(TEST_HOST)";
				CODE_SIGN_STYLE = Automatic;
				CURRENT_PROJECT_VERSION = 1;
				DEVELOPMENT_TEAM = F9DP8D3V7J;
				GENERATE_INFOPLIST_FILE = YES;
				IPHONEOS_DEPLOYMENT_TARGET = 17.5;
				MARKETING_VERSION = 1.0;
				PRODUCT_BUNDLE_IDENTIFIER = com.PedroVargas.PersonalProjectTests;
				PRODUCT_NAME = "$(TARGET_NAME)";
				SWIFT_EMIT_LOC_STRINGS = NO;
				SWIFT_VERSION = 5.0;
				TARGETED_DEVICE_FAMILY = "1,2";
				TEST_HOST = "$(BUILT_PRODUCTS_DIR)/PersonalProject.app/$(BUNDLE_EXECUTABLE_FOLDER_PATH)/PersonalProject";
			};
			name = Release;
		};
		076D588E2D0CB975008520A2 /* Debug */ = {
			isa = XCBuildConfiguration;
			buildSettings = {
				ALWAYS_EMBED_SWIFT_STANDARD_LIBRARIES = YES;
				CODE_SIGN_STYLE = Automatic;
				CURRENT_PROJECT_VERSION = 1;
				DEVELOPMENT_TEAM = F9DP8D3V7J;
				GENERATE_INFOPLIST_FILE = YES;
				MARKETING_VERSION = 1.0;
				PRODUCT_BUNDLE_IDENTIFIER = com.PedroVargas.PersonalProjectUITests;
				PRODUCT_NAME = "$(TARGET_NAME)";
				SWIFT_EMIT_LOC_STRINGS = NO;
				SWIFT_VERSION = 5.0;
				TARGETED_DEVICE_FAMILY = "1,2";
				TEST_TARGET_NAME = PersonalProject;
			};
			name = Debug;
		};
		076D588F2D0CB975008520A2 /* Release */ = {
			isa = XCBuildConfiguration;
			buildSettings = {
				ALWAYS_EMBED_SWIFT_STANDARD_LIBRARIES = YES;
				CODE_SIGN_STYLE = Automatic;
				CURRENT_PROJECT_VERSION = 1;
				DEVELOPMENT_TEAM = F9DP8D3V7J;
				GENERATE_INFOPLIST_FILE = YES;
				MARKETING_VERSION = 1.0;
				PRODUCT_BUNDLE_IDENTIFIER = com.PedroVargas.PersonalProjectUITests;
				PRODUCT_NAME = "$(TARGET_NAME)";
				SWIFT_EMIT_LOC_STRINGS = NO;
				SWIFT_VERSION = 5.0;
				TARGETED_DEVICE_FAMILY = "1,2";
				TEST_TARGET_NAME = PersonalProject;
			};
			name = Release;
		};
/* End XCBuildConfiguration section */

/* Begin XCConfigurationList section */
		076D585E2D0CB972008520A2 /* Build configuration list for PBXProject "PersonalProject" */ = {
			isa = XCConfigurationList;
			buildConfigurations = (
				076D58852D0CB975008520A2 /* Debug */,
				076D58862D0CB975008520A2 /* Release */,
			);
			defaultConfigurationIsVisible = 0;
			defaultConfigurationName = Release;
		};
		076D58872D0CB975008520A2 /* Build configuration list for PBXNativeTarget "PersonalProject" */ = {
			isa = XCConfigurationList;
			buildConfigurations = (
				076D58882D0CB975008520A2 /* Debug */,
				076D58892D0CB975008520A2 /* Release */,
			);
			defaultConfigurationIsVisible = 0;
			defaultConfigurationName = Release;
		};
		076D588A2D0CB975008520A2 /* Build configuration list for PBXNativeTarget "PersonalProjectTests" */ = {
			isa = XCConfigurationList;
			buildConfigurations = (
				076D588B2D0CB975008520A2 /* Debug */,
				076D588C2D0CB975008520A2 /* Release */,
			);
			defaultConfigurationIsVisible = 0;
			defaultConfigurationName = Release;
		};
		076D588D2D0CB975008520A2 /* Build configuration list for PBXNativeTarget "PersonalProjectUITests" */ = {
			isa = XCConfigurationList;
			buildConfigurations = (
				076D588E2D0CB975008520A2 /* Debug */,
				076D588F2D0CB975008520A2 /* Release */,
			);
			defaultConfigurationIsVisible = 0;
			defaultConfigurationName = Release;
		};
/* End XCConfigurationList section */
	};
	rootObject = 076D585B2D0CB972008520A2 /* Project object */;
}
